// !$*UTF8*$!
{
	archiveVersion = 1;
	classes = {
	};
	objectVersion = 50;
	objects = {

/* Begin PBXBuildFile section */
		1B01E101212E064000AE0FE4 /* GoogleService-Info.plist in Resources */ = {isa = PBXBuildFile; fileRef = 1B01E100212E064000AE0FE4 /* GoogleService-Info.plist */; };
		1B8B2EFE212DFE08009F4770 /* AppDelegate.swift in Sources */ = {isa = PBXBuildFile; fileRef = 1B8B2EFD212DFE08009F4770 /* AppDelegate.swift */; };
		1B8B2F00212DFE08009F4770 /* ViewController.swift in Sources */ = {isa = PBXBuildFile; fileRef = 1B8B2EFF212DFE08009F4770 /* ViewController.swift */; };
		1B8B2F03212DFE08009F4770 /* Main.storyboard in Resources */ = {isa = PBXBuildFile; fileRef = 1B8B2F01212DFE08009F4770 /* Main.storyboard */; };
		1B8B2F05212DFE09009F4770 /* XLogo2.xcassets in Resources */ = {isa = PBXBuildFile; fileRef = 1B8B2F04212DFE09009F4770 /* XLogo2.xcassets */; };
		1B8B2F08212DFE09009F4770 /* LaunchScreen.storyboard in Resources */ = {isa = PBXBuildFile; fileRef = 1B8B2F06212DFE09009F4770 /* LaunchScreen.storyboard */; };
		F33E8EF99D927B2D29C6F631 /* Pods_Project_X.framework in Frameworks */ = {isa = PBXBuildFile; fileRef = 0B9FC3C402F11B5FA7D2C903 /* Pods_Project_X.framework */; };
/* End PBXBuildFile section */

/* Begin PBXFileReference section */
		0B9FC3C402F11B5FA7D2C903 /* Pods_Project_X.framework */ = {isa = PBXFileReference; explicitFileType = wrapper.framework; includeInIndex = 0; path = Pods_Project_X.framework; sourceTree = BUILT_PRODUCTS_DIR; };
		1B01E100212E064000AE0FE4 /* GoogleService-Info.plist */ = {isa = PBXFileReference; fileEncoding = 4; lastKnownFileType = text.plist.xml; path = "GoogleService-Info.plist"; sourceTree = "<group>"; };
		1B8B2EFA212DFE08009F4770 /* Project X.app */ = {isa = PBXFileReference; explicitFileType = wrapper.application; includeInIndex = 0; path = "Project X.app"; sourceTree = BUILT_PRODUCTS_DIR; };
		1B8B2EFD212DFE08009F4770 /* AppDelegate.swift */ = {isa = PBXFileReference; lastKnownFileType = sourcecode.swift; path = AppDelegate.swift; sourceTree = "<group>"; };
		1B8B2EFF212DFE08009F4770 /* ViewController.swift */ = {isa = PBXFileReference; lastKnownFileType = sourcecode.swift; path = ViewController.swift; sourceTree = "<group>"; };
		1B8B2F02212DFE08009F4770 /* Base */ = {isa = PBXFileReference; lastKnownFileType = file.storyboard; name = Base; path = Base.lproj/Main.storyboard; sourceTree = "<group>"; };
		1B8B2F04212DFE09009F4770 /* XLogo2.xcassets */ = {isa = PBXFileReference; lastKnownFileType = folder.assetcatalog; path = XLogo2.xcassets; sourceTree = "<group>"; };
		1B8B2F07212DFE09009F4770 /* Base */ = {isa = PBXFileReference; lastKnownFileType = file.storyboard; name = Base; path = Base.lproj/LaunchScreen.storyboard; sourceTree = "<group>"; };
		1B8B2F09212DFE09009F4770 /* Info.plist */ = {isa = PBXFileReference; lastKnownFileType = text.plist.xml; path = Info.plist; sourceTree = "<group>"; };
		7C7F88764EF8A471A5019AF9 /* Pods-Project X.release.xcconfig */ = {isa = PBXFileReference; includeInIndex = 1; lastKnownFileType = text.xcconfig; name = "Pods-Project X.release.xcconfig"; path = "Pods/Target Support Files/Pods-Project X/Pods-Project X.release.xcconfig"; sourceTree = "<group>"; };
		BB0C9713C3DB644360A83204 /* Pods-Project X.debug.xcconfig */ = {isa = PBXFileReference; includeInIndex = 1; lastKnownFileType = text.xcconfig; name = "Pods-Project X.debug.xcconfig"; path = "Pods/Target Support Files/Pods-Project X/Pods-Project X.debug.xcconfig"; sourceTree = "<group>"; };
/* End PBXFileReference section */

/* Begin PBXFrameworksBuildPhase section */
		1B8B2EF7212DFE08009F4770 /* Frameworks */ = {
			isa = PBXFrameworksBuildPhase;
			buildActionMask = 2147483647;
			files = (
				F33E8EF99D927B2D29C6F631 /* Pods_Project_X.framework in Frameworks */,
			);
			runOnlyForDeploymentPostprocessing = 0;
		};
/* End PBXFrameworksBuildPhase section */

/* Begin PBXGroup section */
		1B8B2EF1212DFE08009F4770 = {
			isa = PBXGroup;
			children = (
				1B8B2EFC212DFE08009F4770 /* Project X */,
				1B8B2EFB212DFE08009F4770 /* Products */,
				85311D614A111ACD6D85D336 /* Pods */,
				526B4D110A2FA932A0ADBEBE /* Frameworks */,
			);
			sourceTree = "<group>";
		};
		1B8B2EFB212DFE08009F4770 /* Products */ = {
			isa = PBXGroup;
			children = (
				1B8B2EFA212DFE08009F4770 /* Project X.app */,
			);
			name = Products;
			sourceTree = "<group>";
		};
		1B8B2EFC212DFE08009F4770 /* Project X */ = {
			isa = PBXGroup;
			children = (
				1B8B2EFD212DFE08009F4770 /* AppDelegate.swift */,
				1B8B2EFF212DFE08009F4770 /* ViewController.swift */,
				1B8B2F06212DFE09009F4770 /* LaunchScreen.storyboard */,
				1B8B2F01212DFE08009F4770 /* Main.storyboard */,
				1B8B2F04212DFE09009F4770 /* XLogo2.xcassets */,
				1B8B2F09212DFE09009F4770 /* Info.plist */,
				1B01E100212E064000AE0FE4 /* GoogleService-Info.plist */,
			);
			path = "Project X";
			sourceTree = "<group>";
		};
		526B4D110A2FA932A0ADBEBE /* Frameworks */ = {
			isa = PBXGroup;
			children = (
				0B9FC3C402F11B5FA7D2C903 /* Pods_Project_X.framework */,
			);
			name = Frameworks;
			sourceTree = "<group>";
		};
		85311D614A111ACD6D85D336 /* Pods */ = {
			isa = PBXGroup;
			children = (
				BB0C9713C3DB644360A83204 /* Pods-Project X.debug.xcconfig */,
				7C7F88764EF8A471A5019AF9 /* Pods-Project X.release.xcconfig */,
			);
			name = Pods;
			sourceTree = "<group>";
		};
/* End PBXGroup section */

/* Begin PBXNativeTarget section */
		1B8B2EF9212DFE08009F4770 /* Project X */ = {
			isa = PBXNativeTarget;
			buildConfigurationList = 1B8B2F0C212DFE09009F4770 /* Build configuration list for PBXNativeTarget "Project X" */;
			buildPhases = (
				5D81379D8287DE07C096FE8D /* [CP] Check Pods Manifest.lock */,
				1B8B2EF6212DFE08009F4770 /* Sources */,
				1B8B2EF7212DFE08009F4770 /* Frameworks */,
				1B8B2EF8212DFE08009F4770 /* Resources */,
				EFA45BBB534AB4DFD28A8BAD /* [CP] Embed Pods Frameworks */,
			);
			buildRules = (
			);
			dependencies = (
			);
			name = "Project X";
			productName = "Project X";
			productReference = 1B8B2EFA212DFE08009F4770 /* Project X.app */;
			productType = "com.apple.product-type.application";
		};
/* End PBXNativeTarget section */

/* Begin PBXProject section */
		1B8B2EF2212DFE08009F4770 /* Project object */ = {
			isa = PBXProject;
			attributes = {
				LastSwiftUpdateCheck = 0940;
				LastUpgradeCheck = 0940;
				ORGANIZATIONNAME = CoreBros;
				TargetAttributes = {
					1B8B2EF9212DFE08009F4770 = {
						CreatedOnToolsVersion = 9.4.1;
					};
				};
			};
			buildConfigurationList = 1B8B2EF5212DFE08009F4770 /* Build configuration list for PBXProject "Project X" */;
			compatibilityVersion = "Xcode 9.3";
			developmentRegion = en;
			hasScannedForEncodings = 0;
			knownRegions = (
				en,
				Base,
			);
			mainGroup = 1B8B2EF1212DFE08009F4770;
			productRefGroup = 1B8B2EFB212DFE08009F4770 /* Products */;
			projectDirPath = "";
			projectRoot = "";
			targets = (
				1B8B2EF9212DFE08009F4770 /* Project X */,
			);
		};
/* End PBXProject section */

/* Begin PBXResourcesBuildPhase section */
		1B8B2EF8212DFE08009F4770 /* Resources */ = {
			isa = PBXResourcesBuildPhase;
			buildActionMask = 2147483647;
			files = (
				1B8B2F08212DFE09009F4770 /* LaunchScreen.storyboard in Resources */,
				1B01E101212E064000AE0FE4 /* GoogleService-Info.plist in Resources */,
				1B8B2F05212DFE09009F4770 /* XLogo2.xcassets in Resources */,
				1B8B2F03212DFE08009F4770 /* Main.storyboard in Resources */,
			);
			runOnlyForDeploymentPostprocessing = 0;
		};
/* End PBXResourcesBuildPhase section */

/* Begin PBXShellScriptBuildPhase section */
		5D81379D8287DE07C096FE8D /* [CP] Check Pods Manifest.lock */ = {
			isa = PBXShellScriptBuildPhase;
			buildActionMask = 2147483647;
			files = (
			);
			inputPaths = (
				"${PODS_PODFILE_DIR_PATH}/Podfile.lock",
				"${PODS_ROOT}/Manifest.lock",
			);
			name = "[CP] Check Pods Manifest.lock";
			outputPaths = (
				"$(DERIVED_FILE_DIR)/Pods-Project X-checkManifestLockResult.txt",
			);
			runOnlyForDeploymentPostprocessing = 0;
			shellPath = /bin/sh;
			shellScript = "diff \"${PODS_PODFILE_DIR_PATH}/Podfile.lock\" \"${PODS_ROOT}/Manifest.lock\" > /dev/null\nif [ $? != 0 ] ; then\n    # print error to STDERR\n    echo \"error: The sandbox is not in sync with the Podfile.lock. Run 'pod install' or update your CocoaPods installation.\" >&2\n    exit 1\nfi\n# This output is used by Xcode 'outputs' to avoid re-running this script phase.\necho \"SUCCESS\" > \"${SCRIPT_OUTPUT_FILE_0}\"\n";
			showEnvVarsInLog = 0;
		};
		EFA45BBB534AB4DFD28A8BAD /* [CP] Embed Pods Frameworks */ = {
			isa = PBXShellScriptBuildPhase;
			buildActionMask = 2147483647;
			files = (
			);
			inputPaths = (
				"${SRCROOT}/Pods/Target Support Files/Pods-Project X/Pods-Project X-frameworks.sh",
				"${BUILT_PRODUCTS_DIR}/ChameleonFramework/ChameleonFramework.framework",
				"${BUILT_PRODUCTS_DIR}/GTMSessionFetcher/GTMSessionFetcher.framework",
				"${BUILT_PRODUCTS_DIR}/GoogleUtilities/GoogleUtilities.framework",
				"${BUILT_PRODUCTS_DIR}/SVProgressHUD/SVProgressHUD.framework",
				"${BUILT_PRODUCTS_DIR}/leveldb-library/leveldb.framework",
				"${BUILT_PRODUCTS_DIR}/nanopb/nanopb.framework",
			);
			name = "[CP] Embed Pods Frameworks";
			outputPaths = (
				"${TARGET_BUILD_DIR}/${FRAMEWORKS_FOLDER_PATH}/ChameleonFramework.framework",
				"${TARGET_BUILD_DIR}/${FRAMEWORKS_FOLDER_PATH}/GTMSessionFetcher.framework",
				"${TARGET_BUILD_DIR}/${FRAMEWORKS_FOLDER_PATH}/GoogleUtilities.framework",
				"${TARGET_BUILD_DIR}/${FRAMEWORKS_FOLDER_PATH}/SVProgressHUD.framework",
				"${TARGET_BUILD_DIR}/${FRAMEWORKS_FOLDER_PATH}/leveldb.framework",
				"${TARGET_BUILD_DIR}/${FRAMEWORKS_FOLDER_PATH}/nanopb.framework",
			);
			runOnlyForDeploymentPostprocessing = 0;
			shellPath = /bin/sh;
			shellScript = "\"${SRCROOT}/Pods/Target Support Files/Pods-Project X/Pods-Project X-frameworks.sh\"\n";
			showEnvVarsInLog = 0;
		};
/* End PBXShellScriptBuildPhase section */

/* Begin PBXSourcesBuildPhase section */
		1B8B2EF6212DFE08009F4770 /* Sources */ = {
			isa = PBXSourcesBuildPhase;
			buildActionMask = 2147483647;
			files = (
				1B8B2F00212DFE08009F4770 /* ViewController.swift in Sources */,
				1B8B2EFE212DFE08009F4770 /* AppDelegate.swift in Sources */,
			);
			runOnlyForDeploymentPostprocessing = 0;
		};
/* End PBXSourcesBuildPhase section */

/* Begin PBXVariantGroup section */
		1B8B2F01212DFE08009F4770 /* Main.storyboard */ = {
			isa = PBXVariantGroup;
			children = (
				1B8B2F02212DFE08009F4770 /* Base */,
			);
			name = Main.storyboard;
			sourceTree = "<group>";
		};
		1B8B2F06212DFE09009F4770 /* LaunchScreen.storyboard */ = {
			isa = PBXVariantGroup;
			children = (
				1B8B2F07212DFE09009F4770 /* Base */,
			);
			name = LaunchScreen.storyboard;
			sourceTree = "<group>";
		};
/* End PBXVariantGroup section */

/* Begin XCBuildConfiguration section */
		1B8B2F0A212DFE09009F4770 /* Debug */ = {
			isa = XCBuildConfiguration;
			buildSettings = {
				ALWAYS_SEARCH_USER_PATHS = NO;
				CLANG_ANALYZER_NONNULL = YES;
				CLANG_ANALYZER_NUMBER_OBJECT_CONVERSION = YES_AGGRESSIVE;
				CLANG_CXX_LANGUAGE_STANDARD = "gnu++14";
				CLANG_CXX_LIBRARY = "libc++";
				CLANG_ENABLE_MODULES = YES;
				CLANG_ENABLE_OBJC_ARC = YES;
				CLANG_ENABLE_OBJC_WEAK = YES;
				CLANG_WARN_BLOCK_CAPTURE_AUTORELEASING = YES;
				CLANG_WARN_BOOL_CONVERSION = YES;
				CLANG_WARN_COMMA = YES;
				CLANG_WARN_CONSTANT_CONVERSION = YES;
				CLANG_WARN_DEPRECATED_OBJC_IMPLEMENTATIONS = YES;
				CLANG_WARN_DIRECT_OBJC_ISA_USAGE = YES_ERROR;
				CLANG_WARN_DOCUMENTATION_COMMENTS = YES;
				CLANG_WARN_EMPTY_BODY = YES;
				CLANG_WARN_ENUM_CONVERSION = YES;
				CLANG_WARN_INFINITE_RECURSION = YES;
				CLANG_WARN_INT_CONVERSION = YES;
				CLANG_WARN_NON_LITERAL_NULL_CONVERSION = YES;
				CLANG_WARN_OBJC_IMPLICIT_RETAIN_SELF = YES;
				CLANG_WARN_OBJC_LITERAL_CONVERSION = YES;
				CLANG_WARN_OBJC_ROOT_CLASS = YES_ERROR;
				CLANG_WARN_RANGE_LOOP_ANALYSIS = YES;
				CLANG_WARN_STRICT_PROTOTYPES = YES;
				CLANG_WARN_SUSPICIOUS_MOVE = YES;
				CLANG_WARN_UNGUARDED_AVAILABILITY = YES_AGGRESSIVE;
				CLANG_WARN_UNREACHABLE_CODE = YES;
				CLANG_WARN__DUPLICATE_METHOD_MATCH = YES;
				CODE_SIGN_IDENTITY = "iPhone Developer";
				COPY_PHASE_STRIP = NO;
				DEBUG_INFORMATION_FORMAT = dwarf;
				ENABLE_STRICT_OBJC_MSGSEND = YES;
				ENABLE_TESTABILITY = YES;
				GCC_C_LANGUAGE_STANDARD = gnu11;
				GCC_DYNAMIC_NO_PIC = NO;
				GCC_NO_COMMON_BLOCKS = YES;
				GCC_OPTIMIZATION_LEVEL = 0;
				GCC_PREPROCESSOR_DEFINITIONS = (
					"DEBUG=1",
					"$(inherited)",
				);
				GCC_WARN_64_TO_32_BIT_CONVERSION = YES;
				GCC_WARN_ABOUT_RETURN_TYPE = YES_ERROR;
				GCC_WARN_UNDECLARED_SELECTOR = YES;
				GCC_WARN_UNINITIALIZED_AUTOS = YES_AGGRESSIVE;
				GCC_WARN_UNUSED_FUNCTION = YES;
				GCC_WARN_UNUSED_VARIABLE = YES;
				IPHONEOS_DEPLOYMENT_TARGET = 11.4;
				MTL_ENABLE_DEBUG_INFO = YES;
				ONLY_ACTIVE_ARCH = YES;
				SDKROOT = iphoneos;
				SWIFT_ACTIVE_COMPILATION_CONDITIONS = DEBUG;
				SWIFT_OPTIMIZATION_LEVEL = "-Onone";
			};
			name = Debug;
		};
		1B8B2F0B212DFE09009F4770 /* Release */ = {
			isa = XCBuildConfiguration;
			buildSettings = {
				ALWAYS_SEARCH_USER_PATHS = NO;
				CLANG_ANALYZER_NONNULL = YES;
				CLANG_ANALYZER_NUMBER_OBJECT_CONVERSION = YES_AGGRESSIVE;
				CLANG_CXX_LANGUAGE_STANDARD = "gnu++14";
				CLANG_CXX_LIBRARY = "libc++";
				CLANG_ENABLE_MODULES = YES;
				CLANG_ENABLE_OBJC_ARC = YES;
				CLANG_ENABLE_OBJC_WEAK = YES;
				CLANG_WARN_BLOCK_CAPTURE_AUTORELEASING = YES;
				CLANG_WARN_BOOL_CONVERSION = YES;
				CLANG_WARN_COMMA = YES;
				CLANG_WARN_CONSTANT_CONVERSION = YES;
				CLANG_WARN_DEPRECATED_OBJC_IMPLEMENTATIONS = YES;
				CLANG_WARN_DIRECT_OBJC_ISA_USAGE = YES_ERROR;
				CLANG_WARN_DOCUMENTATION_COMMENTS = YES;
				CLANG_WARN_EMPTY_BODY = YES;
				CLANG_WARN_ENUM_CONVERSION = YES;
				CLANG_WARN_INFINITE_RECURSION = YES;
				CLANG_WARN_INT_CONVERSION = YES;
				CLANG_WARN_NON_LITERAL_NULL_CONVERSION = YES;
				CLANG_WARN_OBJC_IMPLICIT_RETAIN_SELF = YES;
				CLANG_WARN_OBJC_LITERAL_CONVERSION = YES;
				CLANG_WARN_OBJC_ROOT_CLASS = YES_ERROR;
				CLANG_WARN_RANGE_LOOP_ANALYSIS = YES;
				CLANG_WARN_STRICT_PROTOTYPES = YES;
				CLANG_WARN_SUSPICIOUS_MOVE = YES;
				CLANG_WARN_UNGUARDED_AVAILABILITY = YES_AGGRESSIVE;
				CLANG_WARN_UNREACHABLE_CODE = YES;
				CLANG_WARN__DUPLICATE_METHOD_MATCH = YES;
				CODE_SIGN_IDENTITY = "iPhone Developer";
				COPY_PHASE_STRIP = NO;
				DEBUG_INFORMATION_FORMAT = "dwarf-with-dsym";
				ENABLE_NS_ASSERTIONS = NO;
				ENABLE_STRICT_OBJC_MSGSEND = YES;
				GCC_C_LANGUAGE_STANDARD = gnu11;
				GCC_NO_COMMON_BLOCKS = YES;
				GCC_WARN_64_TO_32_BIT_CONVERSION = YES;
				GCC_WARN_ABOUT_RETURN_TYPE = YES_ERROR;
				GCC_WARN_UNDECLARED_SELECTOR = YES;
				GCC_WARN_UNINITIALIZED_AUTOS = YES_AGGRESSIVE;
				GCC_WARN_UNUSED_FUNCTION = YES;
				GCC_WARN_UNUSED_VARIABLE = YES;
				IPHONEOS_DEPLOYMENT_TARGET = 11.4;
				MTL_ENABLE_DEBUG_INFO = NO;
				SDKROOT = iphoneos;
				SWIFT_COMPILATION_MODE = wholemodule;
				SWIFT_OPTIMIZATION_LEVEL = "-O";
				VALIDATE_PRODUCT = YES;
			};
			name = Release;
		};
		1B8B2F0D212DFE09009F4770 /* Debug */ = {
			isa = XCBuildConfiguration;
			baseConfigurationReference = BB0C9713C3DB644360A83204 /* Pods-Project X.debug.xcconfig */;
			buildSettings = {
				ASSETCATALOG_COMPILER_APPICON_NAME = AppIcon;
				CODE_SIGN_STYLE = Automatic;
				DEVELOPMENT_TEAM = N5AWW64784;
				INFOPLIST_FILE = "Project X/Info.plist";
				LD_RUNPATH_SEARCH_PATHS = (
					"$(inherited)",
					"@executable_path/Frameworks",
				);
				PRODUCT_BUNDLE_IDENTIFIER = com.CoreBros.ProjectX;
				PRODUCT_NAME = "$(TARGET_NAME)";
				SWIFT_VERSION = 4.0;
				TARGETED_DEVICE_FAMILY = "1,2";
			};
			name = Debug;
		};
		1B8B2F0E212DFE09009F4770 /* Release */ = {
			isa = XCBuildConfiguration;
			baseConfigurationReference = 7C7F88764EF8A471A5019AF9 /* Pods-Project X.release.xcconfig */;
			buildSettings = {
				ASSETCATALOG_COMPILER_APPICON_NAME = AppIcon;
				CODE_SIGN_STYLE = Automatic;
				DEVELOPMENT_TEAM = N5AWW64784;
				INFOPLIST_FILE = "Project X/Info.plist";
				LD_RUNPATH_SEARCH_PATHS = (
					"$(inherited)",
					"@executable_path/Frameworks",
				);
				PRODUCT_BUNDLE_IDENTIFIER = com.CoreBros.ProjectX;
				PRODUCT_NAME = "$(TARGET_NAME)";
				SWIFT_VERSION = 4.0;
				TARGETED_DEVICE_FAMILY = "1,2";
			};
			name = Release;
		};
/* End XCBuildConfiguration section */

/* Begin XCConfigurationList section */
		1B8B2EF5212DFE08009F4770 /* Build configuration list for PBXProject "Project X" */ = {
			isa = XCConfigurationList;
			buildConfigurations = (
				1B8B2F0A212DFE09009F4770 /* Debug */,
				1B8B2F0B212DFE09009F4770 /* Release */,
			);
			defaultConfigurationIsVisible = 0;
			defaultConfigurationName = Release;
		};
		1B8B2F0C212DFE09009F4770 /* Build configuration list for PBXNativeTarget "Project X" */ = {
			isa = XCConfigurationList;
			buildConfigurations = (
				1B8B2F0D212DFE09009F4770 /* Debug */,
				1B8B2F0E212DFE09009F4770 /* Release */,
			);
			defaultConfigurationIsVisible = 0;
			defaultConfigurationName = Release;
		};
/* End XCConfigurationList section */
	};
	rootObject = 1B8B2EF2212DFE08009F4770 /* Project object */;
}
