// !$*UTF8*$!
{
	archiveVersion = 1;
	classes = {
	};
	objectVersion = 50;
	objects = {

/* Begin PBXBuildFile section */
		1B9BE757211C5B5D00422261 /* AppDelegate.swift in Sources */ = {isa = PBXBuildFile; fileRef = 1B9BE756211C5B5D00422261 /* AppDelegate.swift */; };
		1B9BE759211C5B5D00422261 /* ViewController.swift in Sources */ = {isa = PBXBuildFile; fileRef = 1B9BE758211C5B5D00422261 /* ViewController.swift */; };
		1B9BE75C211C5B5D00422261 /* Main.storyboard in Resources */ = {isa = PBXBuildFile; fileRef = 1B9BE75A211C5B5D00422261 /* Main.storyboard */; };
		1B9BE75F211C5B5D00422261 /* Log_In_Test.xcdatamodeld in Sources */ = {isa = PBXBuildFile; fileRef = 1B9BE75D211C5B5D00422261 /* Log_In_Test.xcdatamodeld */; };
		1B9BE761211C5B5E00422261 /* Assets.xcassets in Resources */ = {isa = PBXBuildFile; fileRef = 1B9BE760211C5B5E00422261 /* Assets.xcassets */; };
		1B9BE764211C5B5E00422261 /* LaunchScreen.storyboard in Resources */ = {isa = PBXBuildFile; fileRef = 1B9BE762211C5B5E00422261 /* LaunchScreen.storyboard */; };
		1B9BE76C211C5EEE00422261 /* GoogleService-Info (3).plist in Resources */ = {isa = PBXBuildFile; fileRef = 1B9BE76B211C5EEE00422261 /* GoogleService-Info (3).plist */; };
		2EBF1447A13A093FB5421F08 /* Pods_Log_In_Test.framework in Frameworks */ = {isa = PBXBuildFile; fileRef = 6F1622AD052C4FC246C1F558 /* Pods_Log_In_Test.framework */; };
/* End PBXBuildFile section */

/* Begin PBXFileReference section */
		1B9BE753211C5B5D00422261 /* Log In Test.app */ = {isa = PBXFileReference; explicitFileType = wrapper.application; includeInIndex = 0; path = "Log In Test.app"; sourceTree = BUILT_PRODUCTS_DIR; };
		1B9BE756211C5B5D00422261 /* AppDelegate.swift */ = {isa = PBXFileReference; lastKnownFileType = sourcecode.swift; path = AppDelegate.swift; sourceTree = "<group>"; };
		1B9BE758211C5B5D00422261 /* ViewController.swift */ = {isa = PBXFileReference; lastKnownFileType = sourcecode.swift; path = ViewController.swift; sourceTree = "<group>"; };
		1B9BE75B211C5B5D00422261 /* Base */ = {isa = PBXFileReference; lastKnownFileType = file.storyboard; name = Base; path = Base.lproj/Main.storyboard; sourceTree = "<group>"; };
		1B9BE75E211C5B5D00422261 /* Log_In_Test.xcdatamodel */ = {isa = PBXFileReference; lastKnownFileType = wrapper.xcdatamodel; path = Log_In_Test.xcdatamodel; sourceTree = "<group>"; };
		1B9BE760211C5B5E00422261 /* Assets.xcassets */ = {isa = PBXFileReference; lastKnownFileType = folder.assetcatalog; path = Assets.xcassets; sourceTree = "<group>"; };
		1B9BE763211C5B5E00422261 /* Base */ = {isa = PBXFileReference; lastKnownFileType = file.storyboard; name = Base; path = Base.lproj/LaunchScreen.storyboard; sourceTree = "<group>"; };
		1B9BE765211C5B5E00422261 /* Info.plist */ = {isa = PBXFileReference; lastKnownFileType = text.plist.xml; path = Info.plist; sourceTree = "<group>"; };
		1B9BE76B211C5EEE00422261 /* GoogleService-Info (3).plist */ = {isa = PBXFileReference; fileEncoding = 4; lastKnownFileType = text.plist.xml; path = "GoogleService-Info (3).plist"; sourceTree = "<group>"; };
		32AED4331FA9B77A0FF2E96C /* Pods-Log In Test.release.xcconfig */ = {isa = PBXFileReference; includeInIndex = 1; lastKnownFileType = text.xcconfig; name = "Pods-Log In Test.release.xcconfig"; path = "Pods/Target Support Files/Pods-Log In Test/Pods-Log In Test.release.xcconfig"; sourceTree = "<group>"; };
		5DF7CBD35C7109E012C181AC /* Pods-Log In Test.debug.xcconfig */ = {isa = PBXFileReference; includeInIndex = 1; lastKnownFileType = text.xcconfig; name = "Pods-Log In Test.debug.xcconfig"; path = "Pods/Target Support Files/Pods-Log In Test/Pods-Log In Test.debug.xcconfig"; sourceTree = "<group>"; };
		6F1622AD052C4FC246C1F558 /* Pods_Log_In_Test.framework */ = {isa = PBXFileReference; explicitFileType = wrapper.framework; includeInIndex = 0; path = Pods_Log_In_Test.framework; sourceTree = BUILT_PRODUCTS_DIR; };
/* End PBXFileReference section */

/* Begin PBXFrameworksBuildPhase section */
		1B9BE750211C5B5D00422261 /* Frameworks */ = {
			isa = PBXFrameworksBuildPhase;
			buildActionMask = 2147483647;
			files = (
				2EBF1447A13A093FB5421F08 /* Pods_Log_In_Test.framework in Frameworks */,
			);
			runOnlyForDeploymentPostprocessing = 0;
		};
/* End PBXFrameworksBuildPhase section */

/* Begin PBXGroup section */
		1B9BE74A211C5B5D00422261 = {
			isa = PBXGroup;
			children = (
				1B9BE755211C5B5D00422261 /* Log In Test */,
				1B9BE754211C5B5D00422261 /* Products */,
				3AE6A954B5719214173CE6B3 /* Pods */,
				CAA19E64FBA996B31CC2979B /* Frameworks */,
			);
			sourceTree = "<group>";
		};
		1B9BE754211C5B5D00422261 /* Products */ = {
			isa = PBXGroup;
			children = (
				1B9BE753211C5B5D00422261 /* Log In Test.app */,
			);
			name = Products;
			sourceTree = "<group>";
		};
		1B9BE755211C5B5D00422261 /* Log In Test */ = {
			isa = PBXGroup;
			children = (
				1B9BE756211C5B5D00422261 /* AppDelegate.swift */,
				1B9BE758211C5B5D00422261 /* ViewController.swift */,
				1B9BE75A211C5B5D00422261 /* Main.storyboard */,
				1B9BE760211C5B5E00422261 /* Assets.xcassets */,
				1B9BE762211C5B5E00422261 /* LaunchScreen.storyboard */,
				1B9BE765211C5B5E00422261 /* Info.plist */,
				1B9BE75D211C5B5D00422261 /* Log_In_Test.xcdatamodeld */,
				1B9BE76B211C5EEE00422261 /* GoogleService-Info (3).plist */,
			);
			path = "Log In Test";
			sourceTree = "<group>";
		};
		3AE6A954B5719214173CE6B3 /* Pods */ = {
			isa = PBXGroup;
			children = (
				5DF7CBD35C7109E012C181AC /* Pods-Log In Test.debug.xcconfig */,
				32AED4331FA9B77A0FF2E96C /* Pods-Log In Test.release.xcconfig */,
			);
			name = Pods;
			sourceTree = "<group>";
		};
		CAA19E64FBA996B31CC2979B /* Frameworks */ = {
			isa = PBXGroup;
			children = (
				6F1622AD052C4FC246C1F558 /* Pods_Log_In_Test.framework */,
			);
			name = Frameworks;
			sourceTree = "<group>";
		};
/* End PBXGroup section */

/* Begin PBXNativeTarget section */
		1B9BE752211C5B5D00422261 /* Log In Test */ = {
			isa = PBXNativeTarget;
			buildConfigurationList = 1B9BE768211C5B5E00422261 /* Build configuration list for PBXNativeTarget "Log In Test" */;
			buildPhases = (
				37ECDF4B3052E8380A6BFE04 /* [CP] Check Pods Manifest.lock */,
				1B9BE74F211C5B5D00422261 /* Sources */,
				1B9BE750211C5B5D00422261 /* Frameworks */,
				1B9BE751211C5B5D00422261 /* Resources */,
				3BE4B973D32302F4F475C279 /* [CP] Embed Pods Frameworks */,
			);
			buildRules = (
			);
			dependencies = (
			);
			name = "Log In Test";
			productName = "Log In Test";
			productReference = 1B9BE753211C5B5D00422261 /* Log In Test.app */;
			productType = "com.apple.product-type.application";
		};
/* End PBXNativeTarget section */

/* Begin PBXProject section */
		1B9BE74B211C5B5D00422261 /* Project object */ = {
			isa = PBXProject;
			attributes = {
				LastSwiftUpdateCheck = 0940;
				LastUpgradeCheck = 0940;
				ORGANIZATIONNAME = CoreBros;
				TargetAttributes = {
					1B9BE752211C5B5D00422261 = {
						CreatedOnToolsVersion = 9.4.1;
					};
				};
			};
			buildConfigurationList = 1B9BE74E211C5B5D00422261 /* Build configuration list for PBXProject "Log In Test" */;
			compatibilityVersion = "Xcode 9.3";
			developmentRegion = en;
			hasScannedForEncodings = 0;
			knownRegions = (
				en,
				Base,
			);
			mainGroup = 1B9BE74A211C5B5D00422261;
			productRefGroup = 1B9BE754211C5B5D00422261 /* Products */;
			projectDirPath = "";
			projectRoot = "";
			targets = (
				1B9BE752211C5B5D00422261 /* Log In Test */,
			);
		};
/* End PBXProject section */

/* Begin PBXResourcesBuildPhase section */
		1B9BE751211C5B5D00422261 /* Resources */ = {
			isa = PBXResourcesBuildPhase;
			buildActionMask = 2147483647;
			files = (
				1B9BE764211C5B5E00422261 /* LaunchScreen.storyboard in Resources */,
				1B9BE76C211C5EEE00422261 /* GoogleService-Info (3).plist in Resources */,
				1B9BE761211C5B5E00422261 /* Assets.xcassets in Resources */,
				1B9BE75C211C5B5D00422261 /* Main.storyboard in Resources */,
			);
			runOnlyForDeploymentPostprocessing = 0;
		};
/* End PBXResourcesBuildPhase section */

/* Begin PBXShellScriptBuildPhase section */
		37ECDF4B3052E8380A6BFE04 /* [CP] Check Pods Manifest.lock */ = {
			isa = PBXShellScriptBuildPhase;
			buildActionMask = 2147483647;
			files = (
			);
			inputPaths = (
				"${PODS_PODFILE_DIR_PATH}/Podfile.lock",
				"${PODS_ROOT}/Manifest.lock",
			);
			name = "[CP] Check Pods Manifest.lock";
			outputPaths = (
				"$(DERIVED_FILE_DIR)/Pods-Log In Test-checkManifestLockResult.txt",
			);
			runOnlyForDeploymentPostprocessing = 0;
			shellPath = /bin/sh;
			shellScript = "diff \"${PODS_PODFILE_DIR_PATH}/Podfile.lock\" \"${PODS_ROOT}/Manifest.lock\" > /dev/null\nif [ $? != 0 ] ; then\n    # print error to STDERR\n    echo \"error: The sandbox is not in sync with the Podfile.lock. Run 'pod install' or update your CocoaPods installation.\" >&2\n    exit 1\nfi\n# This output is used by Xcode 'outputs' to avoid re-running this script phase.\necho \"SUCCESS\" > \"${SCRIPT_OUTPUT_FILE_0}\"\n";
			showEnvVarsInLog = 0;
		};
		3BE4B973D32302F4F475C279 /* [CP] Embed Pods Frameworks */ = {
			isa = PBXShellScriptBuildPhase;
			buildActionMask = 2147483647;
			files = (
			);
			inputPaths = (
				"${SRCROOT}/Pods/Target Support Files/Pods-Log In Test/Pods-Log In Test-frameworks.sh",
				"${BUILT_PRODUCTS_DIR}/ChameleonFramework/ChameleonFramework.framework",
				"${BUILT_PRODUCTS_DIR}/GTMSessionFetcher/GTMSessionFetcher.framework",
				"${BUILT_PRODUCTS_DIR}/GoogleToolboxForMac/GoogleToolboxForMac.framework",
				"${BUILT_PRODUCTS_DIR}/SVProgressHUD/SVProgressHUD.framework",
			);
			name = "[CP] Embed Pods Frameworks";
			outputPaths = (
				"${TARGET_BUILD_DIR}/${FRAMEWORKS_FOLDER_PATH}/ChameleonFramework.framework",
				"${TARGET_BUILD_DIR}/${FRAMEWORKS_FOLDER_PATH}/GTMSessionFetcher.framework",
				"${TARGET_BUILD_DIR}/${FRAMEWORKS_FOLDER_PATH}/GoogleToolboxForMac.framework",
				"${TARGET_BUILD_DIR}/${FRAMEWORKS_FOLDER_PATH}/SVProgressHUD.framework",
			);
			runOnlyForDeploymentPostprocessing = 0;
			shellPath = /bin/sh;
			shellScript = "\"${SRCROOT}/Pods/Target Support Files/Pods-Log In Test/Pods-Log In Test-frameworks.sh\"\n";
			showEnvVarsInLog = 0;
		};
/* End PBXShellScriptBuildPhase section */

/* Begin PBXSourcesBuildPhase section */
		1B9BE74F211C5B5D00422261 /* Sources */ = {
			isa = PBXSourcesBuildPhase;
			buildActionMask = 2147483647;
			files = (
				1B9BE759211C5B5D00422261 /* ViewController.swift in Sources */,
				1B9BE75F211C5B5D00422261 /* Log_In_Test.xcdatamodeld in Sources */,
				1B9BE757211C5B5D00422261 /* AppDelegate.swift in Sources */,
			);
			runOnlyForDeploymentPostprocessing = 0;
		};
/* End PBXSourcesBuildPhase section */

/* Begin PBXVariantGroup section */
		1B9BE75A211C5B5D00422261 /* Main.storyboard */ = {
			isa = PBXVariantGroup;
			children = (
				1B9BE75B211C5B5D00422261 /* Base */,
			);
			name = Main.storyboard;
			sourceTree = "<group>";
		};
		1B9BE762211C5B5E00422261 /* LaunchScreen.storyboard */ = {
			isa = PBXVariantGroup;
			children = (
				1B9BE763211C5B5E00422261 /* Base */,
			);
			name = LaunchScreen.storyboard;
			sourceTree = "<group>";
		};
/* End PBXVariantGroup section */

/* Begin XCBuildConfiguration section */
		1B9BE766211C5B5E00422261 /* Debug */ = {
			isa = XCBuildConfiguration;
			buildSettings = {
				ALWAYS_SEARCH_USER_PATHS = NO;
				CLANG_ANALYZER_NONNULL = YES;
				CLANG_ANALYZER_NUMBER_OBJECT_CONVERSION = YES_AGGRESSIVE;
				CLANG_CXX_LANGUAGE_STANDARD = "gnu++14";
				CLANG_CXX_LIBRARY = "libc++";
				CLANG_ENABLE_MODULES = YES;
				CLANG_ENABLE_OBJC_ARC = YES;
				CLANG_ENABLE_OBJC_WEAK = YES;
				CLANG_WARN_BLOCK_CAPTURE_AUTORELEASING = YES;
				CLANG_WARN_BOOL_CONVERSION = YES;
				CLANG_WARN_COMMA = YES;
				CLANG_WARN_CONSTANT_CONVERSION = YES;
				CLANG_WARN_DEPRECATED_OBJC_IMPLEMENTATIONS = YES;
				CLANG_WARN_DIRECT_OBJC_ISA_USAGE = YES_ERROR;
				CLANG_WARN_DOCUMENTATION_COMMENTS = YES;
				CLANG_WARN_EMPTY_BODY = YES;
				CLANG_WARN_ENUM_CONVERSION = YES;
				CLANG_WARN_INFINITE_RECURSION = YES;
				CLANG_WARN_INT_CONVERSION = YES;
				CLANG_WARN_NON_LITERAL_NULL_CONVERSION = YES;
				CLANG_WARN_OBJC_IMPLICIT_RETAIN_SELF = YES;
				CLANG_WARN_OBJC_LITERAL_CONVERSION = YES;
				CLANG_WARN_OBJC_ROOT_CLASS = YES_ERROR;
				CLANG_WARN_RANGE_LOOP_ANALYSIS = YES;
				CLANG_WARN_STRICT_PROTOTYPES = YES;
				CLANG_WARN_SUSPICIOUS_MOVE = YES;
				CLANG_WARN_UNGUARDED_AVAILABILITY = YES_AGGRESSIVE;
				CLANG_WARN_UNREACHABLE_CODE = YES;
				CLANG_WARN__DUPLICATE_METHOD_MATCH = YES;
				CODE_SIGN_IDENTITY = "iPhone Developer";
				COPY_PHASE_STRIP = NO;
				DEBUG_INFORMATION_FORMAT = dwarf;
				ENABLE_STRICT_OBJC_MSGSEND = YES;
				ENABLE_TESTABILITY = YES;
				GCC_C_LANGUAGE_STANDARD = gnu11;
				GCC_DYNAMIC_NO_PIC = NO;
				GCC_NO_COMMON_BLOCKS = YES;
				GCC_OPTIMIZATION_LEVEL = 0;
				GCC_PREPROCESSOR_DEFINITIONS = (
					"DEBUG=1",
					"$(inherited)",
				);
				GCC_WARN_64_TO_32_BIT_CONVERSION = YES;
				GCC_WARN_ABOUT_RETURN_TYPE = YES_ERROR;
				GCC_WARN_UNDECLARED_SELECTOR = YES;
				GCC_WARN_UNINITIALIZED_AUTOS = YES_AGGRESSIVE;
				GCC_WARN_UNUSED_FUNCTION = YES;
				GCC_WARN_UNUSED_VARIABLE = YES;
				IPHONEOS_DEPLOYMENT_TARGET = 11.4;
				MTL_ENABLE_DEBUG_INFO = YES;
				ONLY_ACTIVE_ARCH = YES;
				SDKROOT = iphoneos;
				SWIFT_ACTIVE_COMPILATION_CONDITIONS = DEBUG;
				SWIFT_OPTIMIZATION_LEVEL = "-Onone";
			};
			name = Debug;
		};
		1B9BE767211C5B5E00422261 /* Release */ = {
			isa = XCBuildConfiguration;
			buildSettings = {
				ALWAYS_SEARCH_USER_PATHS = NO;
				CLANG_ANALYZER_NONNULL = YES;
				CLANG_ANALYZER_NUMBER_OBJECT_CONVERSION = YES_AGGRESSIVE;
				CLANG_CXX_LANGUAGE_STANDARD = "gnu++14";
				CLANG_CXX_LIBRARY = "libc++";
				CLANG_ENABLE_MODULES = YES;
				CLANG_ENABLE_OBJC_ARC = YES;
				CLANG_ENABLE_OBJC_WEAK = YES;
				CLANG_WARN_BLOCK_CAPTURE_AUTORELEASING = YES;
				CLANG_WARN_BOOL_CONVERSION = YES;
				CLANG_WARN_COMMA = YES;
				CLANG_WARN_CONSTANT_CONVERSION = YES;
				CLANG_WARN_DEPRECATED_OBJC_IMPLEMENTATIONS = YES;
				CLANG_WARN_DIRECT_OBJC_ISA_USAGE = YES_ERROR;
				CLANG_WARN_DOCUMENTATION_COMMENTS = YES;
				CLANG_WARN_EMPTY_BODY = YES;
				CLANG_WARN_ENUM_CONVERSION = YES;
				CLANG_WARN_INFINITE_RECURSION = YES;
				CLANG_WARN_INT_CONVERSION = YES;
				CLANG_WARN_NON_LITERAL_NULL_CONVERSION = YES;
				CLANG_WARN_OBJC_IMPLICIT_RETAIN_SELF = YES;
				CLANG_WARN_OBJC_LITERAL_CONVERSION = YES;
				CLANG_WARN_OBJC_ROOT_CLASS = YES_ERROR;
				CLANG_WARN_RANGE_LOOP_ANALYSIS = YES;
				CLANG_WARN_STRICT_PROTOTYPES = YES;
				CLANG_WARN_SUSPICIOUS_MOVE = YES;
				CLANG_WARN_UNGUARDED_AVAILABILITY = YES_AGGRESSIVE;
				CLANG_WARN_UNREACHABLE_CODE = YES;
				CLANG_WARN__DUPLICATE_METHOD_MATCH = YES;
				CODE_SIGN_IDENTITY = "iPhone Developer";
				COPY_PHASE_STRIP = NO;
				DEBUG_INFORMATION_FORMAT = "dwarf-with-dsym";
				ENABLE_NS_ASSERTIONS = NO;
				ENABLE_STRICT_OBJC_MSGSEND = YES;
				GCC_C_LANGUAGE_STANDARD = gnu11;
				GCC_NO_COMMON_BLOCKS = YES;
				GCC_WARN_64_TO_32_BIT_CONVERSION = YES;
				GCC_WARN_ABOUT_RETURN_TYPE = YES_ERROR;
				GCC_WARN_UNDECLARED_SELECTOR = YES;
				GCC_WARN_UNINITIALIZED_AUTOS = YES_AGGRESSIVE;
				GCC_WARN_UNUSED_FUNCTION = YES;
				GCC_WARN_UNUSED_VARIABLE = YES;
				IPHONEOS_DEPLOYMENT_TARGET = 11.4;
				MTL_ENABLE_DEBUG_INFO = NO;
				SDKROOT = iphoneos;
				SWIFT_COMPILATION_MODE = wholemodule;
				SWIFT_OPTIMIZATION_LEVEL = "-O";
				VALIDATE_PRODUCT = YES;
			};
			name = Release;
		};
		1B9BE769211C5B5E00422261 /* Debug */ = {
			isa = XCBuildConfiguration;
			baseConfigurationReference = 5DF7CBD35C7109E012C181AC /* Pods-Log In Test.debug.xcconfig */;
			buildSettings = {
				ASSETCATALOG_COMPILER_APPICON_NAME = AppIcon;
				CODE_SIGN_STYLE = Automatic;
				DEVELOPMENT_TEAM = N5AWW64784;
				INFOPLIST_FILE = "Log In Test/Info.plist";
				LD_RUNPATH_SEARCH_PATHS = "$(inherited) @executable_path/Frameworks";
				PRODUCT_BUNDLE_IDENTIFIER = "com.CoreBros.Log-In-Test";
				PRODUCT_NAME = "$(TARGET_NAME)";
				SWIFT_VERSION = 4.0;
				TARGETED_DEVICE_FAMILY = "1,2";
			};
			name = Debug;
		};
		1B9BE76A211C5B5E00422261 /* Release */ = {
			isa = XCBuildConfiguration;
			baseConfigurationReference = 32AED4331FA9B77A0FF2E96C /* Pods-Log In Test.release.xcconfig */;
			buildSettings = {
				ASSETCATALOG_COMPILER_APPICON_NAME = AppIcon;
				CODE_SIGN_STYLE = Automatic;
				DEVELOPMENT_TEAM = N5AWW64784;
				INFOPLIST_FILE = "Log In Test/Info.plist";
				LD_RUNPATH_SEARCH_PATHS = "$(inherited) @executable_path/Frameworks";
				PRODUCT_BUNDLE_IDENTIFIER = "com.CoreBros.Log-In-Test";
				PRODUCT_NAME = "$(TARGET_NAME)";
				SWIFT_VERSION = 4.0;
				TARGETED_DEVICE_FAMILY = "1,2";
			};
			name = Release;
		};
/* End XCBuildConfiguration section */

/* Begin XCConfigurationList section */
		1B9BE74E211C5B5D00422261 /* Build configuration list for PBXProject "Log In Test" */ = {
			isa = XCConfigurationList;
			buildConfigurations = (
				1B9BE766211C5B5E00422261 /* Debug */,
				1B9BE767211C5B5E00422261 /* Release */,
			);
			defaultConfigurationIsVisible = 0;
			defaultConfigurationName = Release;
		};
		1B9BE768211C5B5E00422261 /* Build configuration list for PBXNativeTarget "Log In Test" */ = {
			isa = XCConfigurationList;
			buildConfigurations = (
				1B9BE769211C5B5E00422261 /* Debug */,
				1B9BE76A211C5B5E00422261 /* Release */,
			);
			defaultConfigurationIsVisible = 0;
			defaultConfigurationName = Release;
		};
/* End XCConfigurationList section */

/* Begin XCVersionGroup section */
		1B9BE75D211C5B5D00422261 /* Log_In_Test.xcdatamodeld */ = {
			isa = XCVersionGroup;
			children = (
				1B9BE75E211C5B5D00422261 /* Log_In_Test.xcdatamodel */,
			);
			currentVersion = 1B9BE75E211C5B5D00422261 /* Log_In_Test.xcdatamodel */;
			path = Log_In_Test.xcdatamodeld;
			sourceTree = "<group>";
			versionGroupType = wrapper.xcdatamodel;
		};
/* End XCVersionGroup section */
	};
	rootObject = 1B9BE74B211C5B5D00422261 /* Project object */;
}
